
Microsoft Visual Studio Solution File, Format Version 12.00
Project("{FAE04EC0-301F-11D3-BF4B-00C04F79EFBC}") = "autohive", "autohive\autohive.csproj", "{CF97BB61-667D-4129-A38F-6953A2BA51BA}"
EndProject
Global
	GlobalSection(SolutionConfigurationPlatforms) = preSolution
		Debug|Any CPU = Debug|Any CPU
		Release|Any CPU = Release|Any CPU
	EndGlobalSection
	GlobalSection(ProjectConfigurationPlatforms) = postSolution
		{CF97BB61-667D-4129-A38F-6953A2BA51BA}.Debug|Any CPU.ActiveCfg = Debug|Any CPU
		{CF97BB61-667D-4129-A38F-6953A2BA51BA}.Debug|Any CPU.Build.0 = Debug|Any CPU
		{CF97BB61-667D-4129-A38F-6953A2BA51BA}.Release|Any CPU.ActiveCfg = Release|Any CPU
		{CF97BB61-667D-4129-A38F-6953A2BA51BA}.Release|Any CPU.Build.0 = Release|Any CPU
	EndGlobalSection
EndGlobal
